
Microsoft Visual Studio Solution File, Format Version 12.00
# Visual Studio Version 17
VisualStudioVersion = 17.7.34024.191
MinimumVisualStudioVersion = 10.0.40219.1
Project("{FAE04EC0-301F-11D3-BF4B-00C04F79EFBC}") = "Common", "Common\Common.csproj", "{507DC222-B15B-45C7-83A5-18A13DAF8DE1}"
EndProject
Project("{FAE04EC0-301F-11D3-BF4B-00C04F79EFBC}") = "Server", "Server\Server.csproj", "{645810A4-F689-4022-A664-0035A1DE22B5}"
EndProject
Project("{FAE04EC0-301F-11D3-BF4B-00C04F79EFBC}") = "Client", "Client\Client.csproj", "{C8A05CC1-8B11-4EC8-BA73-594D1A4F3010}"
EndProject
Global
	GlobalSection(SolutionConfigurationPlatforms) = preSolution
		Debug|Any CPU = Debug|Any CPU
		Release|Any CPU = Release|Any CPU
	EndGlobalSection
	GlobalSection(ProjectConfigurationPlatforms) = postSolution
		{507DC222-B15B-45C7-83A5-18A13DAF8DE1}.Debug|Any CPU.ActiveCfg = Debug|Any CPU
		{507DC222-B15B-45C7-83A5-18A13DAF8DE1}.Debug|Any CPU.Build.0 = Debug|Any CPU
		{507DC222-B15B-45C7-83A5-18A13DAF8DE1}.Release|Any CPU.ActiveCfg = Release|Any CPU
		{507DC222-B15B-45C7-83A5-18A13DAF8DE1}.Release|Any CPU.Build.0 = Release|Any CPU
		{645810A4-F689-4022-A664-0035A1DE22B5}.Debug|Any CPU.ActiveCfg = Debug|Any CPU
		{645810A4-F689-4022-A664-0035A1DE22B5}.Debug|Any CPU.Build.0 = Debug|Any CPU
		{645810A4-F689-4022-A664-0035A1DE22B5}.Release|Any CPU.ActiveCfg = Release|Any CPU
		{645810A4-F689-4022-A664-0035A1DE22B5}.Release|Any CPU.Build.0 = Release|Any CPU
		{C8A05CC1-8B11-4EC8-BA73-594D1A4F3010}.Debug|Any CPU.ActiveCfg = Debug|Any CPU
		{C8A05CC1-8B11-4EC8-BA73-594D1A4F3010}.Debug|Any CPU.Build.0 = Debug|Any CPU
		{C8A05CC1-8B11-4EC8-BA73-594D1A4F3010}.Release|Any CPU.ActiveCfg = Release|Any CPU
		{C8A05CC1-8B11-4EC8-BA73-594D1A4F3010}.Release|Any CPU.Build.0 = Release|Any CPU
	EndGlobalSection
	GlobalSection(SolutionProperties) = preSolution
		HideSolutionNode = FALSE
	EndGlobalSection
	GlobalSection(ExtensibilityGlobals) = postSolution
		SolutionGuid = {29CD2B30-F1D8-417D-84ED-BA7D20769682}
	EndGlobalSection
EndGlobal
